
Microsoft Visual Studio Solution File, Format Version 12.00
# Visual Studio Version 17
VisualStudioVersion = 17.14.36414.22 d17.14
MinimumVisualStudioVersion = 10.0.40219.1
Project("{8BC9CEB8-8B4A-11D0-8D11-00A0C91BC942}") = "Problem #27", "Problem #27.vcxproj", "{52412AF1-6F5F-488A-B42B-7D2D8FBD5F71}"
EndProject
Project("{8BC9CEB8-8B4A-11D0-8D11-00A0C91BC942}") = "Problem #28", "..\Lesson #28\Lesson #28.vcxproj", "{303CC64D-5E2D-438E-982D-72239963A64D}"
EndProject
Project("{8BC9CEB8-8B4A-11D0-8D11-00A0C91BC942}") = "Problem #28_s", "..\Lesson #28_s\Lesson #28_s.vcxproj", "{1DB5445E-9EE2-485A-B625-FD36E0895E84}"
EndProject
Project("{8BC9CEB8-8B4A-11D0-8D11-00A0C91BC942}") = "Problem #29", "..\Problem #29\Problem #29.vcxproj", "{1B558142-8118-4C7A-8BAE-CAF07B18377E}"
EndProject
Project("{8BC9CEB8-8B4A-11D0-8D11-00A0C91BC942}") = "Problem #29_s", "..\Problem #29_s\Problem #29_s.vcxproj", "{A8512E2F-1C2F-499B-8376-B5F81538F9FE}"
EndProject
Project("{8BC9CEB8-8B4A-11D0-8D11-00A0C91BC942}") = "Problem #30", "..\Problem #30\Problem #30.vcxproj", "{D3B90291-791A-4423-8DEE-5F74790EDC4C}"
EndProject
Project("{8BC9CEB8-8B4A-11D0-8D11-00A0C91BC942}") = "Problem #30_s", "..\Problem #31\Problem #31.vcxproj", "{7676DD83-D7F6-4D18-BCC0-B318CA3CEFA5}"
EndProject
Project("{8BC9CEB8-8B4A-11D0-8D11-00A0C91BC942}") = "Problem #31", "..\Problem #32\Problem #32.vcxproj", "{85E7B47C-723F-4481-B227-E02C4441791F}"
EndProject
Project("{8BC9CEB8-8B4A-11D0-8D11-00A0C91BC942}") = "Problem #32", "..\Problem #33\Problem #33.vcxproj", "{806165EB-005B-419D-87B2-F3C92FE6ACC3}"
EndProject
Project("{8BC9CEB8-8B4A-11D0-8D11-00A0C91BC942}") = "Problem#33", "..\Problem  #33\Problem  #33.vcxproj", "{B4948AD8-892F-44B5-9386-8FD0B68969C0}"
EndProject
Project("{8BC9CEB8-8B4A-11D0-8D11-00A0C91BC942}") = "Problem #34", "..\Problem #34\Problem #34.vcxproj", "{833597D5-B54A-4686-8F58-DE0F4E101A52}"
EndProject
Project("{8BC9CEB8-8B4A-11D0-8D11-00A0C91BC942}") = "Problem #35", "..\Problem #35\Problem #35.vcxproj", "{8F5A7340-696D-4349-ABD2-0ECD73F88EE0}"
EndProject
Project("{8BC9CEB8-8B4A-11D0-8D11-00A0C91BC942}") = "Problem #36", "..\Problem #36\Problem #36.vcxproj", "{F7C14546-9995-4DD5-8A91-F852F9AE4F19}"
EndProject
Global
	GlobalSection(SolutionConfigurationPlatforms) = preSolution
		Debug|x64 = Debug|x64
		Debug|x86 = Debug|x86
		Release|x64 = Release|x64
		Release|x86 = Release|x86
	EndGlobalSection
	GlobalSection(ProjectConfigurationPlatforms) = postSolution
		{52412AF1-6F5F-488A-B42B-7D2D8FBD5F71}.Debug|x64.ActiveCfg = Debug|x64
		{52412AF1-6F5F-488A-B42B-7D2D8FBD5F71}.Debug|x64.Build.0 = Debug|x64
		{52412AF1-6F5F-488A-B42B-7D2D8FBD5F71}.Debug|x86.ActiveCfg = Debug|Win32
		{52412AF1-6F5F-488A-B42B-7D2D8FBD5F71}.Debug|x86.Build.0 = Debug|Win32
		{52412AF1-6F5F-488A-B42B-7D2D8FBD5F71}.Release|x64.ActiveCfg = Release|x64
		{52412AF1-6F5F-488A-B42B-7D2D8FBD5F71}.Release|x64.Build.0 = Release|x64
		{52412AF1-6F5F-488A-B42B-7D2D8FBD5F71}.Release|x86.ActiveCfg = Release|Win32
		{52412AF1-6F5F-488A-B42B-7D2D8FBD5F71}.Release|x86.Build.0 = Release|Win32
		{303CC64D-5E2D-438E-982D-72239963A64D}.Debug|x64.ActiveCfg = Debug|x64
		{303CC64D-5E2D-438E-982D-72239963A64D}.Debug|x64.Build.0 = Debug|x64
		{303CC64D-5E2D-438E-982D-72239963A64D}.Debug|x86.ActiveCfg = Debug|Win32
		{303CC64D-5E2D-438E-982D-72239963A64D}.Debug|x86.Build.0 = Debug|Win32
		{303CC64D-5E2D-438E-982D-72239963A64D}.Release|x64.ActiveCfg = Release|x64
		{303CC64D-5E2D-438E-982D-72239963A64D}.Release|x64.Build.0 = Release|x64
		{303CC64D-5E2D-438E-982D-72239963A64D}.Release|x86.ActiveCfg = Release|Win32
		{303CC64D-5E2D-438E-982D-72239963A64D}.Release|x86.Build.0 = Release|Win32
		{1DB5445E-9EE2-485A-B625-FD36E0895E84}.Debug|x64.ActiveCfg = Debug|x64
		{1DB5445E-9EE2-485A-B625-FD36E0895E84}.Debug|x64.Build.0 = Debug|x64
		{1DB5445E-9EE2-485A-B625-FD36E0895E84}.Debug|x86.ActiveCfg = Debug|Win32
		{1DB5445E-9EE2-485A-B625-FD36E0895E84}.Debug|x86.Build.0 = Debug|Win32
		{1DB5445E-9EE2-485A-B625-FD36E0895E84}.Release|x64.ActiveCfg = Release|x64
		{1DB5445E-9EE2-485A-B625-FD36E0895E84}.Release|x64.Build.0 = Release|x64
		{1DB5445E-9EE2-485A-B625-FD36E0895E84}.Release|x86.ActiveCfg = Release|Win32
		{1DB5445E-9EE2-485A-B625-FD36E0895E84}.Release|x86.Build.0 = Release|Win32
		{1B558142-8118-4C7A-8BAE-CAF07B18377E}.Debug|x64.ActiveCfg = Debug|x64
		{1B558142-8118-4C7A-8BAE-CAF07B18377E}.Debug|x64.Build.0 = Debug|x64
		{1B558142-8118-4C7A-8BAE-CAF07B18377E}.Debug|x86.ActiveCfg = Debug|Win32
		{1B558142-8118-4C7A-8BAE-CAF07B18377E}.Debug|x86.Build.0 = Debug|Win32
		{1B558142-8118-4C7A-8BAE-CAF07B18377E}.Release|x64.ActiveCfg = Release|x64
		{1B558142-8118-4C7A-8BAE-CAF07B18377E}.Release|x64.Build.0 = Release|x64
		{1B558142-8118-4C7A-8BAE-CAF07B18377E}.Release|x86.ActiveCfg = Release|Win32
		{1B558142-8118-4C7A-8BAE-CAF07B18377E}.Release|x86.Build.0 = Release|Win32
		{A8512E2F-1C2F-499B-8376-B5F81538F9FE}.Debug|x64.ActiveCfg = Debug|x64
		{A8512E2F-1C2F-499B-8376-B5F81538F9FE}.Debug|x64.Build.0 = Debug|x64
		{A8512E2F-1C2F-499B-8376-B5F81538F9FE}.Debug|x86.ActiveCfg = Debug|Win32
		{A8512E2F-1C2F-499B-8376-B5F81538F9FE}.Debug|x86.Build.0 = Debug|Win32
		{A8512E2F-1C2F-499B-8376-B5F81538F9FE}.Release|x64.ActiveCfg = Release|x64
		{A8512E2F-1C2F-499B-8376-B5F81538F9FE}.Release|x64.Build.0 = Release|x64
		{A8512E2F-1C2F-499B-8376-B5F81538F9FE}.Release|x86.ActiveCfg = Release|Win32
		{A8512E2F-1C2F-499B-8376-B5F81538F9FE}.Release|x86.Build.0 = Release|Win32
		{D3B90291-791A-4423-8DEE-5F74790EDC4C}.Debug|x64.ActiveCfg = Debug|x64
		{D3B90291-791A-4423-8DEE-5F74790EDC4C}.Debug|x64.Build.0 = Debug|x64
		{D3B90291-791A-4423-8DEE-5F74790EDC4C}.Debug|x86.ActiveCfg = Debug|Win32
		{D3B90291-791A-4423-8DEE-5F74790EDC4C}.Debug|x86.Build.0 = Debug|Win32
		{D3B90291-791A-4423-8DEE-5F74790EDC4C}.Release|x64.ActiveCfg = Release|x64
		{D3B90291-791A-4423-8DEE-5F74790EDC4C}.Release|x64.Build.0 = Release|x64
		{D3B90291-791A-4423-8DEE-5F74790EDC4C}.Release|x86.ActiveCfg = Release|Win32
		{D3B90291-791A-4423-8DEE-5F74790EDC4C}.Release|x86.Build.0 = Release|Win32
		{7676DD83-D7F6-4D18-BCC0-B318CA3CEFA5}.Debug|x64.ActiveCfg = Debug|x64
		{7676DD83-D7F6-4D18-BCC0-B318CA3CEFA5}.Debug|x64.Build.0 = Debug|x64
		{7676DD83-D7F6-4D18-BCC0-B318CA3CEFA5}.Debug|x86.ActiveCfg = Debug|Win32
		{7676DD83-D7F6-4D18-BCC0-B318CA3CEFA5}.Debug|x86.Build.0 = Debug|Win32
		{7676DD83-D7F6-4D18-BCC0-B318CA3CEFA5}.Release|x64.ActiveCfg = Release|x64
		{7676DD83-D7F6-4D18-BCC0-B318CA3CEFA5}.Release|x64.Build.0 = Release|x64
		{7676DD83-D7F6-4D18-BCC0-B318CA3CEFA5}.Release|x86.ActiveCfg = Release|Win32
		{7676DD83-D7F6-4D18-BCC0-B318CA3CEFA5}.Release|x86.Build.0 = Release|Win32
		{85E7B47C-723F-4481-B227-E02C4441791F}.Debug|x64.ActiveCfg = Debug|x64
		{85E7B47C-723F-4481-B227-E02C4441791F}.Debug|x64.Build.0 = Debug|x64
		{85E7B47C-723F-4481-B227-E02C4441791F}.Debug|x86.ActiveCfg = Debug|Win32
		{85E7B47C-723F-4481-B227-E02C4441791F}.Debug|x86.Build.0 = Debug|Win32
		{85E7B47C-723F-4481-B227-E02C4441791F}.Release|x64.ActiveCfg = Release|x64
		{85E7B47C-723F-4481-B227-E02C4441791F}.Release|x64.Build.0 = Release|x64
		{85E7B47C-723F-4481-B227-E02C4441791F}.Release|x86.ActiveCfg = Release|Win32
		{85E7B47C-723F-4481-B227-E02C4441791F}.Release|x86.Build.0 = Release|Win32
		{806165EB-005B-419D-87B2-F3C92FE6ACC3}.Debug|x64.ActiveCfg = Debug|x64
		{806165EB-005B-419D-87B2-F3C92FE6ACC3}.Debug|x64.Build.0 = Debug|x64
		{806165EB-005B-419D-87B2-F3C92FE6ACC3}.Debug|x86.ActiveCfg = Debug|Win32
		{806165EB-005B-419D-87B2-F3C92FE6ACC3}.Debug|x86.Build.0 = Debug|Win32
		{806165EB-005B-419D-87B2-F3C92FE6ACC3}.Release|x64.ActiveCfg = Release|x64
		{806165EB-005B-419D-87B2-F3C92FE6ACC3}.Release|x64.Build.0 = Release|x64
		{806165EB-005B-419D-87B2-F3C92FE6ACC3}.Release|x86.ActiveCfg = Release|Win32
		{806165EB-005B-419D-87B2-F3C92FE6ACC3}.Release|x86.Build.0 = Release|Win32
		{B4948AD8-892F-44B5-9386-8FD0B68969C0}.Debug|x64.ActiveCfg = Debug|x64
		{B4948AD8-892F-44B5-9386-8FD0B68969C0}.Debug|x64.Build.0 = Debug|x64
		{B4948AD8-892F-44B5-9386-8FD0B68969C0}.Debug|x86.ActiveCfg = Debug|Win32
		{B4948AD8-892F-44B5-9386-8FD0B68969C0}.Debug|x86.Build.0 = Debug|Win32
		{B4948AD8-892F-44B5-9386-8FD0B68969C0}.Release|x64.ActiveCfg = Release|x64
		{B4948AD8-892F-44B5-9386-8FD0B68969C0}.Release|x64.Build.0 = Release|x64
		{B4948AD8-892F-44B5-9386-8FD0B68969C0}.Release|x86.ActiveCfg = Release|Win32
		{B4948AD8-892F-44B5-9386-8FD0B68969C0}.Release|x86.Build.0 = Release|Win32
		{833597D5-B54A-4686-8F58-DE0F4E101A52}.Debug|x64.ActiveCfg = Debug|x64
		{833597D5-B54A-4686-8F58-DE0F4E101A52}.Debug|x64.Build.0 = Debug|x64
		{833597D5-B54A-4686-8F58-DE0F4E101A52}.Debug|x86.ActiveCfg = Debug|Win32
		{833597D5-B54A-4686-8F58-DE0F4E101A52}.Debug|x86.Build.0 = Debug|Win32
		{833597D5-B54A-4686-8F58-DE0F4E101A52}.Release|x64.ActiveCfg = Release|x64
		{833597D5-B54A-4686-8F58-DE0F4E101A52}.Release|x64.Build.0 = Release|x64
		{833597D5-B54A-4686-8F58-DE0F4E101A52}.Release|x86.ActiveCfg = Release|Win32
		{833597D5-B54A-4686-8F58-DE0F4E101A52}.Release|x86.Build.0 = Release|Win32
		{8F5A7340-696D-4349-ABD2-0ECD73F88EE0}.Debug|x64.ActiveCfg = Debug|x64
		{8F5A7340-696D-4349-ABD2-0ECD73F88EE0}.Debug|x64.Build.0 = Debug|x64
		{8F5A7340-696D-4349-ABD2-0ECD73F88EE0}.Debug|x86.ActiveCfg = Debug|Win32
		{8F5A7340-696D-4349-ABD2-0ECD73F88EE0}.Debug|x86.Build.0 = Debug|Win32
		{8F5A7340-696D-4349-ABD2-0ECD73F88EE0}.Release|x64.ActiveCfg = Release|x64
		{8F5A7340-696D-4349-ABD2-0ECD73F88EE0}.Release|x64.Build.0 = Release|x64
		{8F5A7340-696D-4349-ABD2-0ECD73F88EE0}.Release|x86.ActiveCfg = Release|Win32
		{8F5A7340-696D-4349-ABD2-0ECD73F88EE0}.Release|x86.Build.0 = Release|Win32
		{F7C14546-9995-4DD5-8A91-F852F9AE4F19}.Debug|x64.ActiveCfg = Debug|x64
		{F7C14546-9995-4DD5-8A91-F852F9AE4F19}.Debug|x64.Build.0 = Debug|x64
		{F7C14546-9995-4DD5-8A91-F852F9AE4F19}.Debug|x86.ActiveCfg = Debug|Win32
		{F7C14546-9995-4DD5-8A91-F852F9AE4F19}.Debug|x86.Build.0 = Debug|Win32
		{F7C14546-9995-4DD5-8A91-F852F9AE4F19}.Release|x64.ActiveCfg = Release|x64
		{F7C14546-9995-4DD5-8A91-F852F9AE4F19}.Release|x64.Build.0 = Release|x64
		{F7C14546-9995-4DD5-8A91-F852F9AE4F19}.Release|x86.ActiveCfg = Release|Win32
		{F7C14546-9995-4DD5-8A91-F852F9AE4F19}.Release|x86.Build.0 = Release|Win32
	EndGlobalSection
	GlobalSection(SolutionProperties) = preSolution
		HideSolutionNode = FALSE
	EndGlobalSection
	GlobalSection(ExtensibilityGlobals) = postSolution
		SolutionGuid = {0EA78728-29EB-4E7B-83D3-8999E50D772D}
	EndGlobalSection
EndGlobal
