
Microsoft Visual Studio Solution File, Format Version 12.00
# Visual Studio Version 17
VisualStudioVersion = 17.14.36414.22
MinimumVisualStudioVersion = 10.0.40219.1
Project("{8BC9CEB8-8B4A-11D0-8D11-00A0C91BC942}") = "Problem #14", "..\Problem #14\Problem #14.vcxproj", "{24831923-BBD4-42AA-B8E4-82253322B411}"
EndProject
Project("{8BC9CEB8-8B4A-11D0-8D11-00A0C91BC942}") = "Problem #15", "..\Problem #15\Problem #15.vcxproj", "{336B1E11-D47E-4C63-91B1-255289024B3E}"
EndProject
Project("{8BC9CEB8-8B4A-11D0-8D11-00A0C91BC942}") = "Problem #16", "..\Problem #16\Problem #16.vcxproj", "{D419EBC0-17D9-45AC-A1F4-C4BA9AF04034}"
EndProject
Project("{8BC9CEB8-8B4A-11D0-8D11-00A0C91BC942}") = "Problem #17", "..\Problem #17\Problem #17.vcxproj", "{439502FF-154E-4607-B028-467EC53C954E}"
EndProject
Project("{8BC9CEB8-8B4A-11D0-8D11-00A0C91BC942}") = "Probelm #18", "..\Probelm #18\Probelm #18.vcxproj", "{FF2B3FFD-BF26-407C-B003-7CC6405530D0}"
EndProject
Project("{8BC9CEB8-8B4A-11D0-8D11-00A0C91BC942}") = "Problem #19", "..\Problem #19\Problem #19.vcxproj", "{FCB80EE0-B812-4222-AEA2-737617E3AB82}"
EndProject
Project("{8BC9CEB8-8B4A-11D0-8D11-00A0C91BC942}") = "Problem #20", "..\Problem #20\Problem #20.vcxproj", "{CE6AE976-62DD-4B8C-B3AB-F779AB3F564E}"
EndProject
Project("{8BC9CEB8-8B4A-11D0-8D11-00A0C91BC942}") = "Problem #21", "..\Problem #21\Problem #21.vcxproj", "{047D397D-D566-47F9-BEB7-E41748F78324}"
EndProject
Project("{8BC9CEB8-8B4A-11D0-8D11-00A0C91BC942}") = "Problem #21_s", "..\Problem #21_s\Problem #21_s.vcxproj", "{72414A4D-AAC9-44FD-8927-886CD1B4040F}"
EndProject
Project("{8BC9CEB8-8B4A-11D0-8D11-00A0C91BC942}") = "Lesson #22", "..\Lesson #22\Lesson #22.vcxproj", "{F44D659C-D6C4-413F-9B70-1B45B590C584}"
EndProject
Project("{8BC9CEB8-8B4A-11D0-8D11-00A0C91BC942}") = "Lesson #23", "..\Lesson #23\Lesson #23.vcxproj", "{6D1E3AA0-DF37-47E3-9AA8-EE48F3D148A9}"
EndProject
Project("{8BC9CEB8-8B4A-11D0-8D11-00A0C91BC942}") = "Lesson #24", "..\Lesson #24\Lesson #24.vcxproj", "{397DC592-7921-47B6-901A-23A89A088FBC}"
EndProject
Project("{8BC9CEB8-8B4A-11D0-8D11-00A0C91BC942}") = "Lesson #25", "..\Lesson #25\Lesson #25.vcxproj", "{12983C4B-47E2-408F-82C3-10B03CFE79ED}"
EndProject
Project("{8BC9CEB8-8B4A-11D0-8D11-00A0C91BC942}") = "Lesson #26", "..\Lesson #26\Lesson #26.vcxproj", "{F780FED5-60E4-450A-87E5-F6433C61544F}"
EndProject
Global
	GlobalSection(SolutionConfigurationPlatforms) = preSolution
		Debug|x64 = Debug|x64
		Debug|x86 = Debug|x86
		Release|x64 = Release|x64
		Release|x86 = Release|x86
	EndGlobalSection
	GlobalSection(ProjectConfigurationPlatforms) = postSolution
		{24831923-BBD4-42AA-B8E4-82253322B411}.Debug|x64.ActiveCfg = Debug|x64
		{24831923-BBD4-42AA-B8E4-82253322B411}.Debug|x64.Build.0 = Debug|x64
		{24831923-BBD4-42AA-B8E4-82253322B411}.Debug|x86.ActiveCfg = Debug|Win32
		{24831923-BBD4-42AA-B8E4-82253322B411}.Debug|x86.Build.0 = Debug|Win32
		{24831923-BBD4-42AA-B8E4-82253322B411}.Release|x64.ActiveCfg = Release|x64
		{24831923-BBD4-42AA-B8E4-82253322B411}.Release|x64.Build.0 = Release|x64
		{24831923-BBD4-42AA-B8E4-82253322B411}.Release|x86.ActiveCfg = Release|Win32
		{24831923-BBD4-42AA-B8E4-82253322B411}.Release|x86.Build.0 = Release|Win32
		{336B1E11-D47E-4C63-91B1-255289024B3E}.Debug|x64.ActiveCfg = Debug|x64
		{336B1E11-D47E-4C63-91B1-255289024B3E}.Debug|x64.Build.0 = Debug|x64
		{336B1E11-D47E-4C63-91B1-255289024B3E}.Debug|x86.ActiveCfg = Debug|Win32
		{336B1E11-D47E-4C63-91B1-255289024B3E}.Debug|x86.Build.0 = Debug|Win32
		{336B1E11-D47E-4C63-91B1-255289024B3E}.Release|x64.ActiveCfg = Release|x64
		{336B1E11-D47E-4C63-91B1-255289024B3E}.Release|x64.Build.0 = Release|x64
		{336B1E11-D47E-4C63-91B1-255289024B3E}.Release|x86.ActiveCfg = Release|Win32
		{336B1E11-D47E-4C63-91B1-255289024B3E}.Release|x86.Build.0 = Release|Win32
		{D419EBC0-17D9-45AC-A1F4-C4BA9AF04034}.Debug|x64.ActiveCfg = Debug|x64
		{D419EBC0-17D9-45AC-A1F4-C4BA9AF04034}.Debug|x64.Build.0 = Debug|x64
		{D419EBC0-17D9-45AC-A1F4-C4BA9AF04034}.Debug|x86.ActiveCfg = Debug|Win32
		{D419EBC0-17D9-45AC-A1F4-C4BA9AF04034}.Debug|x86.Build.0 = Debug|Win32
		{D419EBC0-17D9-45AC-A1F4-C4BA9AF04034}.Release|x64.ActiveCfg = Release|x64
		{D419EBC0-17D9-45AC-A1F4-C4BA9AF04034}.Release|x64.Build.0 = Release|x64
		{D419EBC0-17D9-45AC-A1F4-C4BA9AF04034}.Release|x86.ActiveCfg = Release|Win32
		{D419EBC0-17D9-45AC-A1F4-C4BA9AF04034}.Release|x86.Build.0 = Release|Win32
		{439502FF-154E-4607-B028-467EC53C954E}.Debug|x64.ActiveCfg = Debug|x64
		{439502FF-154E-4607-B028-467EC53C954E}.Debug|x64.Build.0 = Debug|x64
		{439502FF-154E-4607-B028-467EC53C954E}.Debug|x86.ActiveCfg = Debug|Win32
		{439502FF-154E-4607-B028-467EC53C954E}.Debug|x86.Build.0 = Debug|Win32
		{439502FF-154E-4607-B028-467EC53C954E}.Release|x64.ActiveCfg = Release|x64
		{439502FF-154E-4607-B028-467EC53C954E}.Release|x64.Build.0 = Release|x64
		{439502FF-154E-4607-B028-467EC53C954E}.Release|x86.ActiveCfg = Release|Win32
		{439502FF-154E-4607-B028-467EC53C954E}.Release|x86.Build.0 = Release|Win32
		{FF2B3FFD-BF26-407C-B003-7CC6405530D0}.Debug|x64.ActiveCfg = Debug|x64
		{FF2B3FFD-BF26-407C-B003-7CC6405530D0}.Debug|x64.Build.0 = Debug|x64
		{FF2B3FFD-BF26-407C-B003-7CC6405530D0}.Debug|x86.ActiveCfg = Debug|Win32
		{FF2B3FFD-BF26-407C-B003-7CC6405530D0}.Debug|x86.Build.0 = Debug|Win32
		{FF2B3FFD-BF26-407C-B003-7CC6405530D0}.Release|x64.ActiveCfg = Release|x64
		{FF2B3FFD-BF26-407C-B003-7CC6405530D0}.Release|x64.Build.0 = Release|x64
		{FF2B3FFD-BF26-407C-B003-7CC6405530D0}.Release|x86.ActiveCfg = Release|Win32
		{FF2B3FFD-BF26-407C-B003-7CC6405530D0}.Release|x86.Build.0 = Release|Win32
		{FCB80EE0-B812-4222-AEA2-737617E3AB82}.Debug|x64.ActiveCfg = Debug|x64
		{FCB80EE0-B812-4222-AEA2-737617E3AB82}.Debug|x64.Build.0 = Debug|x64
		{FCB80EE0-B812-4222-AEA2-737617E3AB82}.Debug|x86.ActiveCfg = Debug|Win32
		{FCB80EE0-B812-4222-AEA2-737617E3AB82}.Debug|x86.Build.0 = Debug|Win32
		{FCB80EE0-B812-4222-AEA2-737617E3AB82}.Release|x64.ActiveCfg = Release|x64
		{FCB80EE0-B812-4222-AEA2-737617E3AB82}.Release|x64.Build.0 = Release|x64
		{FCB80EE0-B812-4222-AEA2-737617E3AB82}.Release|x86.ActiveCfg = Release|Win32
		{FCB80EE0-B812-4222-AEA2-737617E3AB82}.Release|x86.Build.0 = Release|Win32
		{CE6AE976-62DD-4B8C-B3AB-F779AB3F564E}.Debug|x64.ActiveCfg = Debug|x64
		{CE6AE976-62DD-4B8C-B3AB-F779AB3F564E}.Debug|x64.Build.0 = Debug|x64
		{CE6AE976-62DD-4B8C-B3AB-F779AB3F564E}.Debug|x86.ActiveCfg = Debug|Win32
		{CE6AE976-62DD-4B8C-B3AB-F779AB3F564E}.Debug|x86.Build.0 = Debug|Win32
		{CE6AE976-62DD-4B8C-B3AB-F779AB3F564E}.Release|x64.ActiveCfg = Release|x64
		{CE6AE976-62DD-4B8C-B3AB-F779AB3F564E}.Release|x64.Build.0 = Release|x64
		{CE6AE976-62DD-4B8C-B3AB-F779AB3F564E}.Release|x86.ActiveCfg = Release|Win32
		{CE6AE976-62DD-4B8C-B3AB-F779AB3F564E}.Release|x86.Build.0 = Release|Win32
		{047D397D-D566-47F9-BEB7-E41748F78324}.Debug|x64.ActiveCfg = Debug|x64
		{047D397D-D566-47F9-BEB7-E41748F78324}.Debug|x64.Build.0 = Debug|x64
		{047D397D-D566-47F9-BEB7-E41748F78324}.Debug|x86.ActiveCfg = Debug|Win32
		{047D397D-D566-47F9-BEB7-E41748F78324}.Debug|x86.Build.0 = Debug|Win32
		{047D397D-D566-47F9-BEB7-E41748F78324}.Release|x64.ActiveCfg = Release|x64
		{047D397D-D566-47F9-BEB7-E41748F78324}.Release|x64.Build.0 = Release|x64
		{047D397D-D566-47F9-BEB7-E41748F78324}.Release|x86.ActiveCfg = Release|Win32
		{047D397D-D566-47F9-BEB7-E41748F78324}.Release|x86.Build.0 = Release|Win32
		{72414A4D-AAC9-44FD-8927-886CD1B4040F}.Debug|x64.ActiveCfg = Debug|x64
		{72414A4D-AAC9-44FD-8927-886CD1B4040F}.Debug|x64.Build.0 = Debug|x64
		{72414A4D-AAC9-44FD-8927-886CD1B4040F}.Debug|x86.ActiveCfg = Debug|Win32
		{72414A4D-AAC9-44FD-8927-886CD1B4040F}.Debug|x86.Build.0 = Debug|Win32
		{72414A4D-AAC9-44FD-8927-886CD1B4040F}.Release|x64.ActiveCfg = Release|x64
		{72414A4D-AAC9-44FD-8927-886CD1B4040F}.Release|x64.Build.0 = Release|x64
		{72414A4D-AAC9-44FD-8927-886CD1B4040F}.Release|x86.ActiveCfg = Release|Win32
		{72414A4D-AAC9-44FD-8927-886CD1B4040F}.Release|x86.Build.0 = Release|Win32
		{F44D659C-D6C4-413F-9B70-1B45B590C584}.Debug|x64.ActiveCfg = Debug|x64
		{F44D659C-D6C4-413F-9B70-1B45B590C584}.Debug|x64.Build.0 = Debug|x64
		{F44D659C-D6C4-413F-9B70-1B45B590C584}.Debug|x86.ActiveCfg = Debug|Win32
		{F44D659C-D6C4-413F-9B70-1B45B590C584}.Debug|x86.Build.0 = Debug|Win32
		{F44D659C-D6C4-413F-9B70-1B45B590C584}.Release|x64.ActiveCfg = Release|x64
		{F44D659C-D6C4-413F-9B70-1B45B590C584}.Release|x64.Build.0 = Release|x64
		{F44D659C-D6C4-413F-9B70-1B45B590C584}.Release|x86.ActiveCfg = Release|Win32
		{F44D659C-D6C4-413F-9B70-1B45B590C584}.Release|x86.Build.0 = Release|Win32
		{6D1E3AA0-DF37-47E3-9AA8-EE48F3D148A9}.Debug|x64.ActiveCfg = Debug|x64
		{6D1E3AA0-DF37-47E3-9AA8-EE48F3D148A9}.Debug|x64.Build.0 = Debug|x64
		{6D1E3AA0-DF37-47E3-9AA8-EE48F3D148A9}.Debug|x86.ActiveCfg = Debug|Win32
		{6D1E3AA0-DF37-47E3-9AA8-EE48F3D148A9}.Debug|x86.Build.0 = Debug|Win32
		{6D1E3AA0-DF37-47E3-9AA8-EE48F3D148A9}.Release|x64.ActiveCfg = Release|x64
		{6D1E3AA0-DF37-47E3-9AA8-EE48F3D148A9}.Release|x64.Build.0 = Release|x64
		{6D1E3AA0-DF37-47E3-9AA8-EE48F3D148A9}.Release|x86.ActiveCfg = Release|Win32
		{6D1E3AA0-DF37-47E3-9AA8-EE48F3D148A9}.Release|x86.Build.0 = Release|Win32
		{397DC592-7921-47B6-901A-23A89A088FBC}.Debug|x64.ActiveCfg = Debug|x64
		{397DC592-7921-47B6-901A-23A89A088FBC}.Debug|x64.Build.0 = Debug|x64
		{397DC592-7921-47B6-901A-23A89A088FBC}.Debug|x86.ActiveCfg = Debug|Win32
		{397DC592-7921-47B6-901A-23A89A088FBC}.Debug|x86.Build.0 = Debug|Win32
		{397DC592-7921-47B6-901A-23A89A088FBC}.Release|x64.ActiveCfg = Release|x64
		{397DC592-7921-47B6-901A-23A89A088FBC}.Release|x64.Build.0 = Release|x64
		{397DC592-7921-47B6-901A-23A89A088FBC}.Release|x86.ActiveCfg = Release|Win32
		{397DC592-7921-47B6-901A-23A89A088FBC}.Release|x86.Build.0 = Release|Win32
		{12983C4B-47E2-408F-82C3-10B03CFE79ED}.Debug|x64.ActiveCfg = Debug|x64
		{12983C4B-47E2-408F-82C3-10B03CFE79ED}.Debug|x64.Build.0 = Debug|x64
		{12983C4B-47E2-408F-82C3-10B03CFE79ED}.Debug|x86.ActiveCfg = Debug|Win32
		{12983C4B-47E2-408F-82C3-10B03CFE79ED}.Debug|x86.Build.0 = Debug|Win32
		{12983C4B-47E2-408F-82C3-10B03CFE79ED}.Release|x64.ActiveCfg = Release|x64
		{12983C4B-47E2-408F-82C3-10B03CFE79ED}.Release|x64.Build.0 = Release|x64
		{12983C4B-47E2-408F-82C3-10B03CFE79ED}.Release|x86.ActiveCfg = Release|Win32
		{12983C4B-47E2-408F-82C3-10B03CFE79ED}.Release|x86.Build.0 = Release|Win32
		{F780FED5-60E4-450A-87E5-F6433C61544F}.Debug|x64.ActiveCfg = Debug|x64
		{F780FED5-60E4-450A-87E5-F6433C61544F}.Debug|x64.Build.0 = Debug|x64
		{F780FED5-60E4-450A-87E5-F6433C61544F}.Debug|x86.ActiveCfg = Debug|Win32
		{F780FED5-60E4-450A-87E5-F6433C61544F}.Debug|x86.Build.0 = Debug|Win32
		{F780FED5-60E4-450A-87E5-F6433C61544F}.Release|x64.ActiveCfg = Release|x64
		{F780FED5-60E4-450A-87E5-F6433C61544F}.Release|x64.Build.0 = Release|x64
		{F780FED5-60E4-450A-87E5-F6433C61544F}.Release|x86.ActiveCfg = Release|Win32
		{F780FED5-60E4-450A-87E5-F6433C61544F}.Release|x86.Build.0 = Release|Win32
	EndGlobalSection
	GlobalSection(SolutionProperties) = preSolution
		HideSolutionNode = FALSE
	EndGlobalSection
	GlobalSection(ExtensibilityGlobals) = postSolution
		SolutionGuid = {B9E259E1-C5E2-4C73-BF2B-D0605E7DB34E}
	EndGlobalSection
EndGlobal
